hash: fe7fae2d5a70752133f70797f23995f2bfc82134e4877f3446d1ac1e4b7dd1ca
updated: 2017-11-23T18:00:00.755461173+08:00
imports:
- name: github.com/go-ini/ini
  version: 32e4c1e6bc4e7d0d8451aa6b75200d19e37a536a
- name: github.com/op/go-logging
  version: b2cb9fa56473e98db8caba80237377e83fe44db5
testImports: []
